{
  "nodes": {
    "nixCats": {
      "locked": {
        "lastModified": 1753094985,
        "narHash": "sha256-BmStL++/djvQdCkp4gkKupb3yTwd2Mt8Ynyt24kf28Q=",
        "owner": "BirdeeHub",
        "repo": "nixCats-nvim",
        "rev": "709fe6fc4ac99447052c729e26f551140523b8df",
        "type": "github"
      },
      "original": {
        "owner": "BirdeeHub",
        "repo": "nixCats-nvim",
        "type": "github"
      }
    },
    "nixpkgs": {
      "locked": {
        "lastModified": 1752997324,
        "narHash": "sha256-vtTM4oDke3SeDj+1ey6DjmzXdq8ZZSCLWSaApADDvIE=",
        "owner": "nixos",
        "repo": "nixpkgs",
        "rev": "7c688a0875df5a8c28a53fb55ae45e94eae0dddb",
        "type": "github"
      },
      "original": {
        "owner": "nixos",
        "ref": "nixpkgs-unstable",
        "repo": "nixpkgs",
        "type": "github"
      }
    },
    "octo-nvim": {
      "flake": false,
      "locked": {
        "lastModified": 1785452989,
        "narHash": "sha256-p5s9JhujDEZezYYsNygi9ejI4qlxluRO3jYWFdJkSrw=",
        "owner": "pwntester",
        "repo": "octo.nvim",
        "rev": "205f024d3ea4a3d81aac751b6bf8e2d01e0c204f",
        "type": "github"
      },
      "original": {
        "owner": "pwntester",
        "repo": "octo.nvim",
        "type": "github"
      }
    },
    "root": {
      "inputs": {
        "nixCats": "nixCats",
        "nixpkgs": "nixpkgs",
        "octo-nvim": "octo-nvim"
      }
    }
  },
  "root": "root",
  "version": 7
}
